
Microsoft Visual Studio Solution File, Format Version 12.00
# Visual Studio 15
VisualStudioVersion = 15.0.28307.329
MinimumVisualStudioVersion = 10.0.40219.1
Project("{FAE04EC0-301F-11D3-BF4B-00C04F79EFBC}") = "XamarinForms5.Android", "XamarinForms5\XamarinForms5.Android\XamarinForms5.Android.csproj", "{3B8095B2-A091-4E92-A957-E6F3745FB6C4}"
EndProject
Project("{FAE04EC0-301F-11D3-BF4B-00C04F79EFBC}") = "XamarinForms5.iOS", "XamarinForms5\XamarinForms5.iOS\XamarinForms5.iOS.csproj", "{DBD57130-5016-4B2F-93A0-F49EB4D23740}"
EndProject
Project("{FAE04EC0-301F-11D3-BF4B-00C04F79EFBC}") = "XamarinForms5.UWP", "XamarinForms5\XamarinForms5.UWP\XamarinForms5.UWP.csproj", "{39EBC3F8-B15A-46EB-9914-D6F9B01E84F0}"
EndProject
Project("{FAE04EC0-301F-11D3-BF4B-00C04F79EFBC}") = "XamarinForms5", "XamarinForms5\XamarinForms5\XamarinForms5.csproj", "{3B389CA8-1906-4BA7-A903-724143FBCD1A}"
EndProject
Global
	GlobalSection(SolutionConfigurationPlatforms) = preSolution
		Ad-Hoc|Any CPU = Ad-Hoc|Any CPU
		Ad-Hoc|ARM = Ad-Hoc|ARM
		Ad-Hoc|iPhone = Ad-Hoc|iPhone
		Ad-Hoc|iPhoneSimulator = Ad-Hoc|iPhoneSimulator
		Ad-Hoc|x64 = Ad-Hoc|x64
		Ad-Hoc|x86 = Ad-Hoc|x86
		AppStore|Any CPU = AppStore|Any CPU
		AppStore|ARM = AppStore|ARM
		AppStore|iPhone = AppStore|iPhone
		AppStore|iPhoneSimulator = AppStore|iPhoneSimulator
		AppStore|x64 = AppStore|x64
		AppStore|x86 = AppStore|x86
		Debug|Any CPU = Debug|Any CPU
		Debug|ARM = Debug|ARM
		Debug|iPhone = Debug|iPhone
		Debug|iPhoneSimulator = Debug|iPhoneSimulator
		Debug|x64 = Debug|x64
		Debug|x86 = Debug|x86
		Release|Any CPU = Release|Any CPU
		Release|ARM = Release|ARM
		Release|iPhone = Release|iPhone
		Release|iPhoneSimulator = Release|iPhoneSimulator
		Release|x64 = Release|x64
		Release|x86 = Release|x86
	EndGlobalSection
	GlobalSection(ProjectConfigurationPlatforms) = postSolution
		{3B8095B2-A091-4E92-A957-E6F3745FB6C4}.Ad-Hoc|Any CPU.ActiveCfg = Release|Any CPU
		{3B8095B2-A091-4E92-A957-E6F3745FB6C4}.Ad-Hoc|Any CPU.Build.0 = Release|Any CPU
		{3B8095B2-A091-4E92-A957-E6F3745FB6C4}.Ad-Hoc|Any CPU.Deploy.0 = Release|Any CPU
		{3B8095B2-A091-4E92-A957-E6F3745FB6C4}.Ad-Hoc|ARM.ActiveCfg = Release|Any CPU
		{3B8095B2-A091-4E92-A957-E6F3745FB6C4}.Ad-Hoc|ARM.Build.0 = Release|Any CPU
		{3B8095B2-A091-4E92-A957-E6F3745FB6C4}.Ad-Hoc|ARM.Deploy.0 = Release|Any CPU
		{3B8095B2-A091-4E92-A957-E6F3745FB6C4}.Ad-Hoc|iPhone.ActiveCfg = Release|Any CPU
		{3B8095B2-A091-4E92-A957-E6F3745FB6C4}.Ad-Hoc|iPhone.Build.0 = Release|Any CPU
		{3B8095B2-A091-4E92-A957-E6F3745FB6C4}.Ad-Hoc|iPhone.Deploy.0 = Release|Any CPU
		{3B8095B2-A091-4E92-A957-E6F3745FB6C4}.Ad-Hoc|iPhoneSimulator.ActiveCfg = Release|Any CPU
		{3B8095B2-A091-4E92-A957-E6F3745FB6C4}.Ad-Hoc|iPhoneSimulator.Build.0 = Release|Any CPU
		{3B8095B2-A091-4E92-A957-E6F3745FB6C4}.Ad-Hoc|iPhoneSimulator.Deploy.0 = Release|Any CPU
		{3B8095B2-A091-4E92-A957-E6F3745FB6C4}.Ad-Hoc|x64.ActiveCfg = Release|Any CPU
		{3B8095B2-A091-4E92-A957-E6F3745FB6C4}.Ad-Hoc|x64.Build.0 = Release|Any CPU
		{3B8095B2-A091-4E92-A957-E6F3745FB6C4}.Ad-Hoc|x64.Deploy.0 = Release|Any CPU
		{3B8095B2-A091-4E92-A957-E6F3745FB6C4}.Ad-Hoc|x86.ActiveCfg = Release|Any CPU
		{3B8095B2-A091-4E92-A957-E6F3745FB6C4}.Ad-Hoc|x86.Build.0 = Release|Any CPU
		{3B8095B2-A091-4E92-A957-E6F3745FB6C4}.Ad-Hoc|x86.Deploy.0 = Release|Any CPU
		{3B8095B2-A091-4E92-A957-E6F3745FB6C4}.AppStore|Any CPU.ActiveCfg = Release|Any CPU
		{3B8095B2-A091-4E92-A957-E6F3745FB6C4}.AppStore|Any CPU.Build.0 = Release|Any CPU
		{3B8095B2-A091-4E92-A957-E6F3745FB6C4}.AppStore|Any CPU.Deploy.0 = Release|Any CPU
		{3B8095B2-A091-4E92-A957-E6F3745FB6C4}.AppStore|ARM.ActiveCfg = Release|Any CPU
		{3B8095B2-A091-4E92-A957-E6F3745FB6C4}.AppStore|ARM.Build.0 = Release|Any CPU
		{3B8095B2-A091-4E92-A957-E6F3745FB6C4}.AppStore|ARM.Deploy.0 = Release|Any CPU
		{3B8095B2-A091-4E92-A957-E6F3745FB6C4}.AppStore|iPhone.ActiveCfg = Release|Any CPU
		{3B8095B2-A091-4E92-A957-E6F3745FB6C4}.AppStore|iPhone.Build.0 = Release|Any CPU
		{3B8095B2-A091-4E92-A957-E6F3745FB6C4}.AppStore|iPhone.Deploy.0 = Release|Any CPU
		{3B8095B2-A091-4E92-A957-E6F3745FB6C4}.AppStore|iPhoneSimulator.ActiveCfg = Release|Any CPU
		{3B8095B2-A091-4E92-A957-E6F3745FB6C4}.AppStore|iPhoneSimulator.Build.0 = Release|Any CPU
		{3B8095B2-A091-4E92-A957-E6F3745FB6C4}.AppStore|iPhoneSimulator.Deploy.0 = Release|Any CPU
		{3B8095B2-A091-4E92-A957-E6F3745FB6C4}.AppStore|x64.ActiveCfg = Release|Any CPU
		{3B8095B2-A091-4E92-A957-E6F3745FB6C4}.AppStore|x64.Build.0 = Release|Any CPU
		{3B8095B2-A091-4E92-A957-E6F3745FB6C4}.AppStore|x64.Deploy.0 = Release|Any CPU
		{3B8095B2-A091-4E92-A957-E6F3745FB6C4}.AppStore|x86.ActiveCfg = Release|Any CPU
		{3B8095B2-A091-4E92-A957-E6F3745FB6C4}.AppStore|x86.Build.0 = Release|Any CPU
		{3B8095B2-A091-4E92-A957-E6F3745FB6C4}.AppStore|x86.Deploy.0 = Release|Any CPU
		{3B8095B2-A091-4E92-A957-E6F3745FB6C4}.Debug|Any CPU.ActiveCfg = Debug|Any CPU
		{3B8095B2-A091-4E92-A957-E6F3745FB6C4}.Debug|Any CPU.Build.0 = Debug|Any CPU
		{3B8095B2-A091-4E92-A957-E6F3745FB6C4}.Debug|Any CPU.Deploy.0 = Debug|Any CPU
		{3B8095B2-A091-4E92-A957-E6F3745FB6C4}.Debug|ARM.ActiveCfg = Debug|Any CPU
		{3B8095B2-A091-4E92-A957-E6F3745FB6C4}.Debug|ARM.Build.0 = Debug|Any CPU
		{3B8095B2-A091-4E92-A957-E6F3745FB6C4}.Debug|ARM.Deploy.0 = Debug|Any CPU
		{3B8095B2-A091-4E92-A957-E6F3745FB6C4}.Debug|iPhone.ActiveCfg = Debug|Any CPU
		{3B8095B2-A091-4E92-A957-E6F3745FB6C4}.Debug|iPhone.Build.0 = Debug|Any CPU
		{3B8095B2-A091-4E92-A957-E6F3745FB6C4}.Debug|iPhone.Deploy.0 = Debug|Any CPU
		{3B8095B2-A091-4E92-A957-E6F3745FB6C4}.Debug|iPhoneSimulator.ActiveCfg = Debug|Any CPU
		{3B8095B2-A091-4E92-A957-E6F3745FB6C4}.Debug|iPhoneSimulator.Build.0 = Debug|Any CPU
		{3B8095B2-A091-4E92-A957-E6F3745FB6C4}.Debug|iPhoneSimulator.Deploy.0 = Debug|Any CPU
		{3B8095B2-A091-4E92-A957-E6F3745FB6C4}.Debug|x64.ActiveCfg = Debug|Any CPU
		{3B8095B2-A091-4E92-A957-E6F3745FB6C4}.Debug|x64.Build.0 = Debug|Any CPU
		{3B8095B2-A091-4E92-A957-E6F3745FB6C4}.Debug|x64.Deploy.0 = Debug|Any CPU
		{3B8095B2-A091-4E92-A957-E6F3745FB6C4}.Debug|x86.ActiveCfg = Debug|Any CPU
		{3B8095B2-A091-4E92-A957-E6F3745FB6C4}.Debug|x86.Build.0 = Debug|Any CPU
		{3B8095B2-A091-4E92-A957-E6F3745FB6C4}.Debug|x86.Deploy.0 = Debug|Any CPU
		{3B8095B2-A091-4E92-A957-E6F3745FB6C4}.Release|Any CPU.ActiveCfg = Release|Any CPU
		{3B8095B2-A091-4E92-A957-E6F3745FB6C4}.Release|Any CPU.Build.0 = Release|Any CPU
		{3B8095B2-A091-4E92-A957-E6F3745FB6C4}.Release|Any CPU.Deploy.0 = Release|Any CPU
		{3B8095B2-A091-4E92-A957-E6F3745FB6C4}.Release|ARM.ActiveCfg = Release|Any CPU
		{3B8095B2-A091-4E92-A957-E6F3745FB6C4}.Release|ARM.Build.0 = Release|Any CPU
		{3B8095B2-A091-4E92-A957-E6F3745FB6C4}.Release|ARM.Deploy.0 = Release|Any CPU
		{3B8095B2-A091-4E92-A957-E6F3745FB6C4}.Release|iPhone.ActiveCfg = Release|Any CPU
		{3B8095B2-A091-4E92-A957-E6F3745FB6C4}.Release|iPhone.Build.0 = Release|Any CPU
		{3B8095B2-A091-4E92-A957-E6F3745FB6C4}.Release|iPhone.Deploy.0 = Release|Any CPU
		{3B8095B2-A091-4E92-A957-E6F3745FB6C4}.Release|iPhoneSimulator.ActiveCfg = Release|Any CPU
		{3B8095B2-A091-4E92-A957-E6F3745FB6C4}.Release|iPhoneSimulator.Build.0 = Release|Any CPU
		{3B8095B2-A091-4E92-A957-E6F3745FB6C4}.Release|iPhoneSimulator.Deploy.0 = Release|Any CPU
		{3B8095B2-A091-4E92-A957-E6F3745FB6C4}.Release|x64.ActiveCfg = Release|Any CPU
		{3B8095B2-A091-4E92-A957-E6F3745FB6C4}.Release|x64.Build.0 = Release|Any CPU
		{3B8095B2-A091-4E92-A957-E6F3745FB6C4}.Release|x64.Deploy.0 = Release|Any CPU
		{3B8095B2-A091-4E92-A957-E6F3745FB6C4}.Release|x86.ActiveCfg = Release|Any CPU
		{3B8095B2-A091-4E92-A957-E6F3745FB6C4}.Release|x86.Build.0 = Release|Any CPU
		{3B8095B2-A091-4E92-A957-E6F3745FB6C4}.Release|x86.Deploy.0 = Release|Any CPU
		{DBD57130-5016-4B2F-93A0-F49EB4D23740}.Ad-Hoc|Any CPU.ActiveCfg = Ad-Hoc|iPhone
		{DBD57130-5016-4B2F-93A0-F49EB4D23740}.Ad-Hoc|Any CPU.Build.0 = Ad-Hoc|iPhone
		{DBD57130-5016-4B2F-93A0-F49EB4D23740}.Ad-Hoc|Any CPU.Deploy.0 = Ad-Hoc|iPhone
		{DBD57130-5016-4B2F-93A0-F49EB4D23740}.Ad-Hoc|ARM.ActiveCfg = Ad-Hoc|iPhone
		{DBD57130-5016-4B2F-93A0-F49EB4D23740}.Ad-Hoc|ARM.Build.0 = Ad-Hoc|iPhone
		{DBD57130-5016-4B2F-93A0-F49EB4D23740}.Ad-Hoc|ARM.Deploy.0 = Ad-Hoc|iPhone
		{DBD57130-5016-4B2F-93A0-F49EB4D23740}.Ad-Hoc|iPhone.ActiveCfg = Ad-Hoc|iPhone
		{DBD57130-5016-4B2F-93A0-F49EB4D23740}.Ad-Hoc|iPhone.Build.0 = Ad-Hoc|iPhone
		{DBD57130-5016-4B2F-93A0-F49EB4D23740}.Ad-Hoc|iPhone.Deploy.0 = Ad-Hoc|iPhone
		{DBD57130-5016-4B2F-93A0-F49EB4D23740}.Ad-Hoc|iPhoneSimulator.ActiveCfg = Ad-Hoc|iPhoneSimulator
		{DBD57130-5016-4B2F-93A0-F49EB4D23740}.Ad-Hoc|iPhoneSimulator.Build.0 = Ad-Hoc|iPhoneSimulator
		{DBD57130-5016-4B2F-93A0-F49EB4D23740}.Ad-Hoc|iPhoneSimulator.Deploy.0 = Ad-Hoc|iPhoneSimulator
		{DBD57130-5016-4B2F-93A0-F49EB4D23740}.Ad-Hoc|x64.ActiveCfg = Ad-Hoc|iPhone
		{DBD57130-5016-4B2F-93A0-F49EB4D23740}.Ad-Hoc|x64.Build.0 = Ad-Hoc|iPhone
		{DBD57130-5016-4B2F-93A0-F49EB4D23740}.Ad-Hoc|x64.Deploy.0 = Ad-Hoc|iPhone
		{DBD57130-5016-4B2F-93A0-F49EB4D23740}.Ad-Hoc|x86.ActiveCfg = Ad-Hoc|iPhone
		{DBD57130-5016-4B2F-93A0-F49EB4D23740}.Ad-Hoc|x86.Build.0 = Ad-Hoc|iPhone
		{DBD57130-5016-4B2F-93A0-F49EB4D23740}.Ad-Hoc|x86.Deploy.0 = Ad-Hoc|iPhone
		{DBD57130-5016-4B2F-93A0-F49EB4D23740}.AppStore|Any CPU.ActiveCfg = AppStore|iPhone
		{DBD57130-5016-4B2F-93A0-F49EB4D23740}.AppStore|Any CPU.Build.0 = AppStore|iPhone
		{DBD57130-5016-4B2F-93A0-F49EB4D23740}.AppStore|Any CPU.Deploy.0 = AppStore|iPhone
		{DBD57130-5016-4B2F-93A0-F49EB4D23740}.AppStore|ARM.ActiveCfg = AppStore|iPhone
		{DBD57130-5016-4B2F-93A0-F49EB4D23740}.AppStore|ARM.Build.0 = AppStore|iPhone
		{DBD57130-5016-4B2F-93A0-F49EB4D23740}.AppStore|ARM.Deploy.0 = AppStore|iPhone
		{DBD57130-5016-4B2F-93A0-F49EB4D23740}.AppStore|iPhone.ActiveCfg = AppStore|iPhone
		{DBD57130-5016-4B2F-93A0-F49EB4D23740}.AppStore|iPhone.Build.0 = AppStore|iPhone
		{DBD57130-5016-4B2F-93A0-F49EB4D23740}.AppStore|iPhone.Deploy.0 = AppStore|iPhone
		{DBD57130-5016-4B2F-93A0-F49EB4D23740}.AppStore|iPhoneSimulator.ActiveCfg = AppStore|iPhoneSimulator
		{DBD57130-5016-4B2F-93A0-F49EB4D23740}.AppStore|iPhoneSimulator.Build.0 = AppStore|iPhoneSimulator
		{DBD57130-5016-4B2F-93A0-F49EB4D23740}.AppStore|iPhoneSimulator.Deploy.0 = AppStore|iPhoneSimulator
		{DBD57130-5016-4B2F-93A0-F49EB4D23740}.AppStore|x64.ActiveCfg = AppStore|iPhone
		{DBD57130-5016-4B2F-93A0-F49EB4D23740}.AppStore|x64.Build.0 = AppStore|iPhone
		{DBD57130-5016-4B2F-93A0-F49EB4D23740}.AppStore|x64.Deploy.0 = AppStore|iPhone
		{DBD57130-5016-4B2F-93A0-F49EB4D23740}.AppStore|x86.ActiveCfg = AppStore|iPhone
		{DBD57130-5016-4B2F-93A0-F49EB4D23740}.AppStore|x86.Build.0 = AppStore|iPhone
		{DBD57130-5016-4B2F-93A0-F49EB4D23740}.AppStore|x86.Deploy.0 = AppStore|iPhone
		{DBD57130-5016-4B2F-93A0-F49EB4D23740}.Debug|Any CPU.ActiveCfg = Debug|iPhoneSimulator
		{DBD57130-5016-4B2F-93A0-F49EB4D23740}.Debug|Any CPU.Build.0 = Debug|iPhoneSimulator
		{DBD57130-5016-4B2F-93A0-F49EB4D23740}.Debug|Any CPU.Deploy.0 = Debug|iPhoneSimulator
		{DBD57130-5016-4B2F-93A0-F49EB4D23740}.Debug|ARM.ActiveCfg = Debug|iPhone
		{DBD57130-5016-4B2F-93A0-F49EB4D23740}.Debug|ARM.Build.0 = Debug|iPhone
		{DBD57130-5016-4B2F-93A0-F49EB4D23740}.Debug|ARM.Deploy.0 = Debug|iPhone
		{DBD57130-5016-4B2F-93A0-F49EB4D23740}.Debug|iPhone.ActiveCfg = Debug|iPhone
		{DBD57130-5016-4B2F-93A0-F49EB4D23740}.Debug|iPhone.Build.0 = Debug|iPhone
		{DBD57130-5016-4B2F-93A0-F49EB4D23740}.Debug|iPhone.Deploy.0 = Debug|iPhone
		{DBD57130-5016-4B2F-93A0-F49EB4D23740}.Debug|iPhoneSimulator.ActiveCfg = Debug|iPhoneSimulator
		{DBD57130-5016-4B2F-93A0-F49EB4D23740}.Debug|iPhoneSimulator.Build.0 = Debug|iPhoneSimulator
		{DBD57130-5016-4B2F-93A0-F49EB4D23740}.Debug|iPhoneSimulator.Deploy.0 = Debug|iPhoneSimulator
		{DBD57130-5016-4B2F-93A0-F49EB4D23740}.Debug|x64.ActiveCfg = Debug|iPhone
		{DBD57130-5016-4B2F-93A0-F49EB4D23740}.Debug|x64.Build.0 = Debug|iPhone
		{DBD57130-5016-4B2F-93A0-F49EB4D23740}.Debug|x64.Deploy.0 = Debug|iPhone
		{DBD57130-5016-4B2F-93A0-F49EB4D23740}.Debug|x86.ActiveCfg = Debug|iPhone
		{DBD57130-5016-4B2F-93A0-F49EB4D23740}.Debug|x86.Build.0 = Debug|iPhone
		{DBD57130-5016-4B2F-93A0-F49EB4D23740}.Debug|x86.Deploy.0 = Debug|iPhone
		{DBD57130-5016-4B2F-93A0-F49EB4D23740}.Release|Any CPU.ActiveCfg = Release|iPhone
		{DBD57130-5016-4B2F-93A0-F49EB4D23740}.Release|Any CPU.Build.0 = Release|iPhone
		{DBD57130-5016-4B2F-93A0-F49EB4D23740}.Release|Any CPU.Deploy.0 = Release|iPhone
		{DBD57130-5016-4B2F-93A0-F49EB4D23740}.Release|ARM.ActiveCfg = Release|iPhone
		{DBD57130-5016-4B2F-93A0-F49EB4D23740}.Release|ARM.Build.0 = Release|iPhone
		{DBD57130-5016-4B2F-93A0-F49EB4D23740}.Release|ARM.Deploy.0 = Release|iPhone
		{DBD57130-5016-4B2F-93A0-F49EB4D23740}.Release|iPhone.ActiveCfg = Release|iPhone
		{DBD57130-5016-4B2F-93A0-F49EB4D23740}.Release|iPhone.Build.0 = Release|iPhone
		{DBD57130-5016-4B2F-93A0-F49EB4D23740}.Release|iPhone.Deploy.0 = Release|iPhone
		{DBD57130-5016-4B2F-93A0-F49EB4D23740}.Release|iPhoneSimulator.ActiveCfg = Release|iPhoneSimulator
		{DBD57130-5016-4B2F-93A0-F49EB4D23740}.Release|iPhoneSimulator.Build.0 = Release|iPhoneSimulator
		{DBD57130-5016-4B2F-93A0-F49EB4D23740}.Release|iPhoneSimulator.Deploy.0 = Release|iPhoneSimulator
		{DBD57130-5016-4B2F-93A0-F49EB4D23740}.Release|x64.ActiveCfg = Release|iPhone
		{DBD57130-5016-4B2F-93A0-F49EB4D23740}.Release|x64.Build.0 = Release|iPhone
		{DBD57130-5016-4B2F-93A0-F49EB4D23740}.Release|x64.Deploy.0 = Release|iPhone
		{DBD57130-5016-4B2F-93A0-F49EB4D23740}.Release|x86.ActiveCfg = Release|iPhone
		{DBD57130-5016-4B2F-93A0-F49EB4D23740}.Release|x86.Build.0 = Release|iPhone
		{DBD57130-5016-4B2F-93A0-F49EB4D23740}.Release|x86.Deploy.0 = Release|iPhone
		{39EBC3F8-B15A-46EB-9914-D6F9B01E84F0}.Ad-Hoc|Any CPU.ActiveCfg = Release|x86
		{39EBC3F8-B15A-46EB-9914-D6F9B01E84F0}.Ad-Hoc|Any CPU.Build.0 = Release|x86
		{39EBC3F8-B15A-46EB-9914-D6F9B01E84F0}.Ad-Hoc|Any CPU.Deploy.0 = Release|x86
		{39EBC3F8-B15A-46EB-9914-D6F9B01E84F0}.Ad-Hoc|ARM.ActiveCfg = Release|ARM
		{39EBC3F8-B15A-46EB-9914-D6F9B01E84F0}.Ad-Hoc|ARM.Build.0 = Release|ARM
		{39EBC3F8-B15A-46EB-9914-D6F9B01E84F0}.Ad-Hoc|ARM.Deploy.0 = Release|ARM
		{39EBC3F8-B15A-46EB-9914-D6F9B01E84F0}.Ad-Hoc|iPhone.ActiveCfg = Release|x86
		{39EBC3F8-B15A-46EB-9914-D6F9B01E84F0}.Ad-Hoc|iPhone.Build.0 = Release|x86
		{39EBC3F8-B15A-46EB-9914-D6F9B01E84F0}.Ad-Hoc|iPhone.Deploy.0 = Release|x86
		{39EBC3F8-B15A-46EB-9914-D6F9B01E84F0}.Ad-Hoc|iPhoneSimulator.ActiveCfg = Release|x86
		{39EBC3F8-B15A-46EB-9914-D6F9B01E84F0}.Ad-Hoc|iPhoneSimulator.Build.0 = Release|x86
		{39EBC3F8-B15A-46EB-9914-D6F9B01E84F0}.Ad-Hoc|iPhoneSimulator.Deploy.0 = Release|x86
		{39EBC3F8-B15A-46EB-9914-D6F9B01E84F0}.Ad-Hoc|x64.ActiveCfg = Release|x64
		{39EBC3F8-B15A-46EB-9914-D6F9B01E84F0}.Ad-Hoc|x64.Build.0 = Release|x64
		{39EBC3F8-B15A-46EB-9914-D6F9B01E84F0}.Ad-Hoc|x64.Deploy.0 = Release|x64
		{39EBC3F8-B15A-46EB-9914-D6F9B01E84F0}.Ad-Hoc|x86.ActiveCfg = Release|x86
		{39EBC3F8-B15A-46EB-9914-D6F9B01E84F0}.Ad-Hoc|x86.Build.0 = Release|x86
		{39EBC3F8-B15A-46EB-9914-D6F9B01E84F0}.Ad-Hoc|x86.Deploy.0 = Release|x86
		{39EBC3F8-B15A-46EB-9914-D6F9B01E84F0}.AppStore|Any CPU.ActiveCfg = Release|x86
		{39EBC3F8-B15A-46EB-9914-D6F9B01E84F0}.AppStore|Any CPU.Build.0 = Release|x86
		{39EBC3F8-B15A-46EB-9914-D6F9B01E84F0}.AppStore|Any CPU.Deploy.0 = Release|x86
		{39EBC3F8-B15A-46EB-9914-D6F9B01E84F0}.AppStore|ARM.ActiveCfg = Release|ARM
		{39EBC3F8-B15A-46EB-9914-D6F9B01E84F0}.AppStore|ARM.Build.0 = Release|ARM
		{39EBC3F8-B15A-46EB-9914-D6F9B01E84F0}.AppStore|ARM.Deploy.0 = Release|ARM
		{39EBC3F8-B15A-46EB-9914-D6F9B01E84F0}.AppStore|iPhone.ActiveCfg = Release|x86
		{39EBC3F8-B15A-46EB-9914-D6F9B01E84F0}.AppStore|iPhone.Build.0 = Release|x86
		{39EBC3F8-B15A-46EB-9914-D6F9B01E84F0}.AppStore|iPhone.Deploy.0 = Release|x86
		{39EBC3F8-B15A-46EB-9914-D6F9B01E84F0}.AppStore|iPhoneSimulator.ActiveCfg = Release|x86
		{39EBC3F8-B15A-46EB-9914-D6F9B01E84F0}.AppStore|iPhoneSimulator.Build.0 = Release|x86
		{39EBC3F8-B15A-46EB-9914-D6F9B01E84F0}.AppStore|iPhoneSimulator.Deploy.0 = Release|x86
		{39EBC3F8-B15A-46EB-9914-D6F9B01E84F0}.AppStore|x64.ActiveCfg = Release|x64
		{39EBC3F8-B15A-46EB-9914-D6F9B01E84F0}.AppStore|x64.Build.0 = Release|x64
		{39EBC3F8-B15A-46EB-9914-D6F9B01E84F0}.AppStore|x64.Deploy.0 = Release|x64
		{39EBC3F8-B15A-46EB-9914-D6F9B01E84F0}.AppStore|x86.ActiveCfg = Release|x86
		{39EBC3F8-B15A-46EB-9914-D6F9B01E84F0}.AppStore|x86.Build.0 = Release|x86
		{39EBC3F8-B15A-46EB-9914-D6F9B01E84F0}.AppStore|x86.Deploy.0 = Release|x86
		{39EBC3F8-B15A-46EB-9914-D6F9B01E84F0}.Debug|Any CPU.ActiveCfg = Debug|x86
		{39EBC3F8-B15A-46EB-9914-D6F9B01E84F0}.Debug|Any CPU.Build.0 = Debug|x86
		{39EBC3F8-B15A-46EB-9914-D6F9B01E84F0}.Debug|Any CPU.Deploy.0 = Debug|x86
		{39EBC3F8-B15A-46EB-9914-D6F9B01E84F0}.Debug|ARM.ActiveCfg = Debug|ARM
		{39EBC3F8-B15A-46EB-9914-D6F9B01E84F0}.Debug|ARM.Build.0 = Debug|ARM
		{39EBC3F8-B15A-46EB-9914-D6F9B01E84F0}.Debug|ARM.Deploy.0 = Debug|ARM
		{39EBC3F8-B15A-46EB-9914-D6F9B01E84F0}.Debug|iPhone.ActiveCfg = Debug|x86
		{39EBC3F8-B15A-46EB-9914-D6F9B01E84F0}.Debug|iPhone.Build.0 = Debug|x86
		{39EBC3F8-B15A-46EB-9914-D6F9B01E84F0}.Debug|iPhone.Deploy.0 = Debug|x86
		{39EBC3F8-B15A-46EB-9914-D6F9B01E84F0}.Debug|iPhoneSimulator.ActiveCfg = Debug|x86
		{39EBC3F8-B15A-46EB-9914-D6F9B01E84F0}.Debug|iPhoneSimulator.Build.0 = Debug|x86
		{39EBC3F8-B15A-46EB-9914-D6F9B01E84F0}.Debug|iPhoneSimulator.Deploy.0 = Debug|x86
		{39EBC3F8-B15A-46EB-9914-D6F9B01E84F0}.Debug|x64.ActiveCfg = Debug|x64
		{39EBC3F8-B15A-46EB-9914-D6F9B01E84F0}.Debug|x64.Build.0 = Debug|x64
		{39EBC3F8-B15A-46EB-9914-D6F9B01E84F0}.Debug|x64.Deploy.0 = Debug|x64
		{39EBC3F8-B15A-46EB-9914-D6F9B01E84F0}.Debug|x86.ActiveCfg = Debug|x86
		{39EBC3F8-B15A-46EB-9914-D6F9B01E84F0}.Debug|x86.Build.0 = Debug|x86
		{39EBC3F8-B15A-46EB-9914-D6F9B01E84F0}.Debug|x86.Deploy.0 = Debug|x86
		{39EBC3F8-B15A-46EB-9914-D6F9B01E84F0}.Release|Any CPU.ActiveCfg = Release|x86
		{39EBC3F8-B15A-46EB-9914-D6F9B01E84F0}.Release|Any CPU.Build.0 = Release|x86
		{39EBC3F8-B15A-46EB-9914-D6F9B01E84F0}.Release|Any CPU.Deploy.0 = Release|x86
		{39EBC3F8-B15A-46EB-9914-D6F9B01E84F0}.Release|ARM.ActiveCfg = Release|ARM
		{39EBC3F8-B15A-46EB-9914-D6F9B01E84F0}.Release|ARM.Build.0 = Release|ARM
		{39EBC3F8-B15A-46EB-9914-D6F9B01E84F0}.Release|ARM.Deploy.0 = Release|ARM
		{39EBC3F8-B15A-46EB-9914-D6F9B01E84F0}.Release|iPhone.ActiveCfg = Release|x86
		{39EBC3F8-B15A-46EB-9914-D6F9B01E84F0}.Release|iPhone.Build.0 = Release|x86
		{39EBC3F8-B15A-46EB-9914-D6F9B01E84F0}.Release|iPhone.Deploy.0 = Release|x86
		{39EBC3F8-B15A-46EB-9914-D6F9B01E84F0}.Release|iPhoneSimulator.ActiveCfg = Release|x86
		{39EBC3F8-B15A-46EB-9914-D6F9B01E84F0}.Release|iPhoneSimulator.Build.0 = Release|x86
		{39EBC3F8-B15A-46EB-9914-D6F9B01E84F0}.Release|iPhoneSimulator.Deploy.0 = Release|x86
		{39EBC3F8-B15A-46EB-9914-D6F9B01E84F0}.Release|x64.ActiveCfg = Release|x64
		{39EBC3F8-B15A-46EB-9914-D6F9B01E84F0}.Release|x64.Build.0 = Release|x64
		{39EBC3F8-B15A-46EB-9914-D6F9B01E84F0}.Release|x64.Deploy.0 = Release|x64
		{39EBC3F8-B15A-46EB-9914-D6F9B01E84F0}.Release|x86.ActiveCfg = Release|x86
		{39EBC3F8-B15A-46EB-9914-D6F9B01E84F0}.Release|x86.Build.0 = Release|x86
		{39EBC3F8-B15A-46EB-9914-D6F9B01E84F0}.Release|x86.Deploy.0 = Release|x86
		{3B389CA8-1906-4BA7-A903-724143FBCD1A}.Ad-Hoc|Any CPU.ActiveCfg = Debug|Any CPU
		{3B389CA8-1906-4BA7-A903-724143FBCD1A}.Ad-Hoc|Any CPU.Build.0 = Debug|Any CPU
		{3B389CA8-1906-4BA7-A903-724143FBCD1A}.Ad-Hoc|Any CPU.Deploy.0 = Debug|Any CPU
		{3B389CA8-1906-4BA7-A903-724143FBCD1A}.Ad-Hoc|ARM.ActiveCfg = Debug|Any CPU
		{3B389CA8-1906-4BA7-A903-724143FBCD1A}.Ad-Hoc|ARM.Build.0 = Debug|Any CPU
		{3B389CA8-1906-4BA7-A903-724143FBCD1A}.Ad-Hoc|ARM.Deploy.0 = Debug|Any CPU
		{3B389CA8-1906-4BA7-A903-724143FBCD1A}.Ad-Hoc|iPhone.ActiveCfg = Debug|Any CPU
		{3B389CA8-1906-4BA7-A903-724143FBCD1A}.Ad-Hoc|iPhone.Build.0 = Debug|Any CPU
		{3B389CA8-1906-4BA7-A903-724143FBCD1A}.Ad-Hoc|iPhone.Deploy.0 = Debug|Any CPU
		{3B389CA8-1906-4BA7-A903-724143FBCD1A}.Ad-Hoc|iPhoneSimulator.ActiveCfg = Debug|Any CPU
		{3B389CA8-1906-4BA7-A903-724143FBCD1A}.Ad-Hoc|iPhoneSimulator.Build.0 = Debug|Any CPU
		{3B389CA8-1906-4BA7-A903-724143FBCD1A}.Ad-Hoc|iPhoneSimulator.Deploy.0 = Debug|Any CPU
		{3B389CA8-1906-4BA7-A903-724143FBCD1A}.Ad-Hoc|x64.ActiveCfg = Debug|Any CPU
		{3B389CA8-1906-4BA7-A903-724143FBCD1A}.Ad-Hoc|x64.Build.0 = Debug|Any CPU
		{3B389CA8-1906-4BA7-A903-724143FBCD1A}.Ad-Hoc|x64.Deploy.0 = Debug|Any CPU
		{3B389CA8-1906-4BA7-A903-724143FBCD1A}.Ad-Hoc|x86.ActiveCfg = Debug|Any CPU
		{3B389CA8-1906-4BA7-A903-724143FBCD1A}.Ad-Hoc|x86.Build.0 = Debug|Any CPU
		{3B389CA8-1906-4BA7-A903-724143FBCD1A}.Ad-Hoc|x86.Deploy.0 = Debug|Any CPU
		{3B389CA8-1906-4BA7-A903-724143FBCD1A}.AppStore|Any CPU.ActiveCfg = Debug|Any CPU
		{3B389CA8-1906-4BA7-A903-724143FBCD1A}.AppStore|Any CPU.Build.0 = Debug|Any CPU
		{3B389CA8-1906-4BA7-A903-724143FBCD1A}.AppStore|Any CPU.Deploy.0 = Debug|Any CPU
		{3B389CA8-1906-4BA7-A903-724143FBCD1A}.AppStore|ARM.ActiveCfg = Debug|Any CPU
		{3B389CA8-1906-4BA7-A903-724143FBCD1A}.AppStore|ARM.Build.0 = Debug|Any CPU
		{3B389CA8-1906-4BA7-A903-724143FBCD1A}.AppStore|ARM.Deploy.0 = Debug|Any CPU
		{3B389CA8-1906-4BA7-A903-724143FBCD1A}.AppStore|iPhone.ActiveCfg = Debug|Any CPU
		{3B389CA8-1906-4BA7-A903-724143FBCD1A}.AppStore|iPhone.Build.0 = Debug|Any CPU
		{3B389CA8-1906-4BA7-A903-724143FBCD1A}.AppStore|iPhone.Deploy.0 = Debug|Any CPU
		{3B389CA8-1906-4BA7-A903-724143FBCD1A}.AppStore|iPhoneSimulator.ActiveCfg = Debug|Any CPU
		{3B389CA8-1906-4BA7-A903-724143FBCD1A}.AppStore|iPhoneSimulator.Build.0 = Debug|Any CPU
		{3B389CA8-1906-4BA7-A903-724143FBCD1A}.AppStore|iPhoneSimulator.Deploy.0 = Debug|Any CPU
		{3B389CA8-1906-4BA7-A903-724143FBCD1A}.AppStore|x64.ActiveCfg = Debug|Any CPU
		{3B389CA8-1906-4BA7-A903-724143FBCD1A}.AppStore|x64.Build.0 = Debug|Any CPU
		{3B389CA8-1906-4BA7-A903-724143FBCD1A}.AppStore|x64.Deploy.0 = Debug|Any CPU
		{3B389CA8-1906-4BA7-A903-724143FBCD1A}.AppStore|x86.ActiveCfg = Debug|Any CPU
		{3B389CA8-1906-4BA7-A903-724143FBCD1A}.AppStore|x86.Build.0 = Debug|Any CPU
		{3B389CA8-1906-4BA7-A903-724143FBCD1A}.AppStore|x86.Deploy.0 = Debug|Any CPU
		{3B389CA8-1906-4BA7-A903-724143FBCD1A}.Debug|Any CPU.ActiveCfg = Debug|Any CPU
		{3B389CA8-1906-4BA7-A903-724143FBCD1A}.Debug|Any CPU.Build.0 = Debug|Any CPU
		{3B389CA8-1906-4BA7-A903-724143FBCD1A}.Debug|Any CPU.Deploy.0 = Debug|Any CPU
		{3B389CA8-1906-4BA7-A903-724143FBCD1A}.Debug|ARM.ActiveCfg = Debug|Any CPU
		{3B389CA8-1906-4BA7-A903-724143FBCD1A}.Debug|ARM.Build.0 = Debug|Any CPU
		{3B389CA8-1906-4BA7-A903-724143FBCD1A}.Debug|ARM.Deploy.0 = Debug|Any CPU
		{3B389CA8-1906-4BA7-A903-724143FBCD1A}.Debug|iPhone.ActiveCfg = Debug|Any CPU
		{3B389CA8-1906-4BA7-A903-724143FBCD1A}.Debug|iPhone.Build.0 = Debug|Any CPU
		{3B389CA8-1906-4BA7-A903-724143FBCD1A}.Debug|iPhone.Deploy.0 = Debug|Any CPU
		{3B389CA8-1906-4BA7-A903-724143FBCD1A}.Debug|iPhoneSimulator.ActiveCfg = Debug|Any CPU
		{3B389CA8-1906-4BA7-A903-724143FBCD1A}.Debug|iPhoneSimulator.Build.0 = Debug|Any CPU
		{3B389CA8-1906-4BA7-A903-724143FBCD1A}.Debug|iPhoneSimulator.Deploy.0 = Debug|Any CPU
		{3B389CA8-1906-4BA7-A903-724143FBCD1A}.Debug|x64.ActiveCfg = Debug|Any CPU
		{3B389CA8-1906-4BA7-A903-724143FBCD1A}.Debug|x64.Build.0 = Debug|Any CPU
		{3B389CA8-1906-4BA7-A903-724143FBCD1A}.Debug|x64.Deploy.0 = Debug|Any CPU
		{3B389CA8-1906-4BA7-A903-724143FBCD1A}.Debug|x86.ActiveCfg = Debug|Any CPU
		{3B389CA8-1906-4BA7-A903-724143FBCD1A}.Debug|x86.Build.0 = Debug|Any CPU
		{3B389CA8-1906-4BA7-A903-724143FBCD1A}.Debug|x86.Deploy.0 = Debug|Any CPU
		{3B389CA8-1906-4BA7-A903-724143FBCD1A}.Release|Any CPU.ActiveCfg = Release|Any CPU
		{3B389CA8-1906-4BA7-A903-724143FBCD1A}.Release|Any CPU.Build.0 = Release|Any CPU
		{3B389CA8-1906-4BA7-A903-724143FBCD1A}.Release|Any CPU.Deploy.0 = Release|Any CPU
		{3B389CA8-1906-4BA7-A903-724143FBCD1A}.Release|ARM.ActiveCfg = Release|Any CPU
		{3B389CA8-1906-4BA7-A903-724143FBCD1A}.Release|ARM.Build.0 = Release|Any CPU
		{3B389CA8-1906-4BA7-A903-724143FBCD1A}.Release|ARM.Deploy.0 = Release|Any CPU
		{3B389CA8-1906-4BA7-A903-724143FBCD1A}.Release|iPhone.ActiveCfg = Release|Any CPU
		{3B389CA8-1906-4BA7-A903-724143FBCD1A}.Release|iPhone.Build.0 = Release|Any CPU
		{3B389CA8-1906-4BA7-A903-724143FBCD1A}.Release|iPhone.Deploy.0 = Release|Any CPU
		{3B389CA8-1906-4BA7-A903-724143FBCD1A}.Release|iPhoneSimulator.ActiveCfg = Release|Any CPU
		{3B389CA8-1906-4BA7-A903-724143FBCD1A}.Release|iPhoneSimulator.Build.0 = Release|Any CPU
		{3B389CA8-1906-4BA7-A903-724143FBCD1A}.Release|iPhoneSimulator.Deploy.0 = Release|Any CPU
		{3B389CA8-1906-4BA7-A903-724143FBCD1A}.Release|x64.ActiveCfg = Release|Any CPU
		{3B389CA8-1906-4BA7-A903-724143FBCD1A}.Release|x64.Build.0 = Release|Any CPU
		{3B389CA8-1906-4BA7-A903-724143FBCD1A}.Release|x64.Deploy.0 = Release|Any CPU
		{3B389CA8-1906-4BA7-A903-724143FBCD1A}.Release|x86.ActiveCfg = Release|Any CPU
		{3B389CA8-1906-4BA7-A903-724143FBCD1A}.Release|x86.Build.0 = Release|Any CPU
		{3B389CA8-1906-4BA7-A903-724143FBCD1A}.Release|x86.Deploy.0 = Release|Any CPU
	EndGlobalSection
	GlobalSection(SolutionProperties) = preSolution
		HideSolutionNode = FALSE
	EndGlobalSection
	GlobalSection(ExtensibilityGlobals) = postSolution
		SolutionGuid = {DC3B5CB6-2ED6-4866-9F1C-0244C47BDD82}
	EndGlobalSection
EndGlobal
